{
  "name": "NewZoroona",
  "lockfileVersion": 2,
  "requires": true,
  "packages": {
    "": {
      "dependencies": {
        "redis-server": "^1.2.2"
      },
      "devDependencies": {
        "prisma": "^3.13.0-dev.27"
      }
    },
    "node_modules/@prisma/engines": {
      "version": "3.13.0-10.f738c2de40b0514b47c5cdbf75f8bb06929df254",
      "resolved": "https://registry.npmjs.org/@prisma/engines/-/engines-3.13.0-10.f738c2de40b0514b47c5cdbf75f8bb06929df254.tgz",
      "integrity": "sha512-0sqxKRpEeXWSBdTbCT/MdghFoY/bqvdAOZIQB/W0YhvhnCxR4ma/g6eWeIDReOezFGaCWa5IxvPVipRvuwkGlA==",
      "dev": true,
      "hasInstallScript": true
    },
    "node_modules/prisma": {
      "version": "3.13.0-dev.27",
      "resolved": "https://registry.npmjs.org/prisma/-/prisma-3.13.0-dev.27.tgz",
      "integrity": "sha512-drSHfZW6J809rU4bgsJaHRJx2jFgiELWYj2XBsWnmhKYkDx0VEDMVsVLySQFlHBmNSl12Agt6n5JzyWSLVpKFw==",
      "dev": true,
      "hasInstallScript": true,
      "dependencies": {
        "@prisma/engines": "3.13.0-10.f738c2de40b0514b47c5cdbf75f8bb06929df254",
        "ts-pattern": "^4.0.1"
      },
      "bin": {
        "prisma": "build/index.js",
        "prisma2": "build/index.js"
      },
      "engines": {
        "node": ">=12.6"
      }
    },
    "node_modules/promise-queue": {
      "version": "2.2.5",
      "resolved": "https://registry.npmjs.org/promise-queue/-/promise-queue-2.2.5.tgz",
      "integrity": "sha1-L29ffA9tCBCelnZZx5uIqe1ek7Q=",
      "engines": {
        "node": ">= 0.8.0"
      }
    },
    "node_modules/redis-server": {
      "version": "1.2.2",
      "resolved": "https://registry.npmjs.org/redis-server/-/redis-server-1.2.2.tgz",
      "integrity": "sha512-pOaSIeSMVFkEFIuaMtpQ3TOr3uI4sUmEHm4ofGks5vTPRseHUszxyIlC70IFjUR9qSeH8o/ARZEM8dqcJmgGJw==",
      "dependencies": {
        "promise-queue": "^2.2.5"
      },
      "engines": {
        "node": ">=4.0.0"
      }
    },
    "node_modules/ts-pattern": {
      "version": "4.0.2",
      "resolved": "https://registry.npmjs.org/ts-pattern/-/ts-pattern-4.0.2.tgz",
      "integrity": "sha512-eHqR/7A6fcw05vCOfnL6RwgGJbVi9G/YHTdYdjYmElhDdJ1SMn7pWs+6+YuxygaFwQS/g+cIDlu+UD8IVpur1A==",
      "dev": true
    }
  },
  "dependencies": {
    "@prisma/engines": {
      "version": "3.13.0-10.f738c2de40b0514b47c5cdbf75f8bb06929df254",
      "resolved": "https://registry.npmjs.org/@prisma/engines/-/engines-3.13.0-10.f738c2de40b0514b47c5cdbf75f8bb06929df254.tgz",
      "integrity": "sha512-0sqxKRpEeXWSBdTbCT/MdghFoY/bqvdAOZIQB/W0YhvhnCxR4ma/g6eWeIDReOezFGaCWa5IxvPVipRvuwkGlA==",
      "dev": true
    },
    "prisma": {
      "version": "3.13.0-dev.27",
      "resolved": "https://registry.npmjs.org/prisma/-/prisma-3.13.0-dev.27.tgz",
      "integrity": "sha512-drSHfZW6J809rU4bgsJaHRJx2jFgiELWYj2XBsWnmhKYkDx0VEDMVsVLySQFlHBmNSl12Agt6n5JzyWSLVpKFw==",
      "dev": true,
      "requires": {
        "@prisma/engines": "3.13.0-10.f738c2de40b0514b47c5cdbf75f8bb06929df254",
        "ts-pattern": "^4.0.1"
      }
    },
    "promise-queue": {
      "version": "2.2.5",
      "resolved": "https://registry.npmjs.org/promise-queue/-/promise-queue-2.2.5.tgz",
      "integrity": "sha1-L29ffA9tCBCelnZZx5uIqe1ek7Q="
    },
    "redis-server": {
      "version": "1.2.2",
      "resolved": "https://registry.npmjs.org/redis-server/-/redis-server-1.2.2.tgz",
      "integrity": "sha512-pOaSIeSMVFkEFIuaMtpQ3TOr3uI4sUmEHm4ofGks5vTPRseHUszxyIlC70IFjUR9qSeH8o/ARZEM8dqcJmgGJw==",
      "requires": {
        "promise-queue": "^2.2.5"
      }
    },
    "ts-pattern": {
      "version": "4.0.2",
      "resolved": "https://registry.npmjs.org/ts-pattern/-/ts-pattern-4.0.2.tgz",
      "integrity": "sha512-eHqR/7A6fcw05vCOfnL6RwgGJbVi9G/YHTdYdjYmElhDdJ1SMn7pWs+6+YuxygaFwQS/g+cIDlu+UD8IVpur1A==",
      "dev": true
    }
  }
}
