# THIS IS AN AUTOGENERATED FILE. DO NOT EDIT THIS FILE DIRECTLY.
# yarn lockfile v1


"promise-queue@^2.2.5":
  "integrity" "sha1-L29ffA9tCBCelnZZx5uIqe1ek7Q="
  "resolved" "https://registry.npmjs.org/promise-queue/-/promise-queue-2.2.5.tgz"
  "version" "2.2.5"

"redis-server@^1.2.2":
  "integrity" "sha512-pOaSIeSMVFkEFIuaMtpQ3TOr3uI4sUmEHm4ofGks5vTPRseHUszxyIlC70IFjUR9qSeH8o/ARZEM8dqcJmgGJw=="
  "resolved" "https://registry.npmjs.org/redis-server/-/redis-server-1.2.2.tgz"
  "version" "1.2.2"
  dependencies:
    "promise-queue" "^2.2.5"
